<Solution>
  <Folder Name="/ソリューション項目/">
    <File Path="docker-compose.yml" />
    <File Path="Procfile.txt" />
  </Folder>
  <Project Path="InvoiceSystem.Api/InvoiceSystem.Api.csproj" />
  <Project Path="InvoiceSystem.Application/InvoiceSystem.Application.csproj" />
  <Project Path="InvoiceSystem.Domain/InvoiceSystem.Domain.csproj" />
  <Project Path="InvoiceSystem.Infrastructure/InvoiceSystem.Infrastructure.csproj" />
  <Project Path="InvoiceSystem.Tests/InvoiceSystem.Tests.csproj" />
</Solution>
